
Microsoft Visual Studio Solution File, Format Version 12.00
# Visual Studio Version 17
VisualStudioVersion = 17.11.35303.130
MinimumVisualStudioVersion = 10.0.40219.1
Project("{FAE04EC0-301F-11D3-BF4B-00C04F79EFBC}") = "LibraryManagementSystemApi", "LibraryManagementSystemApi\LibraryManagementSystemApi.csproj", "{167CBD66-8BBF-4818-BBB8-5834D12E3F23}"
EndProject
Project("{FAE04EC0-301F-11D3-BF4B-00C04F79EFBC}") = "Domain", "Domain\Domain.csproj", "{C0F0BC6F-52EA-444F-BCE9-90ED1EF3CD0C}"
EndProject
Project("{FAE04EC0-301F-11D3-BF4B-00C04F79EFBC}") = "Application", "Application\Application.csproj", "{ECB0ACCD-8565-4369-B391-36651589BCCF}"
EndProject
Project("{FAE04EC0-301F-11D3-BF4B-00C04F79EFBC}") = "Infrastructure", "Infrastructure\Infrastructure.csproj", "{E3C54A94-C21B-4C8D-8401-C3D486D4C832}"
EndProject
Global
	GlobalSection(SolutionConfigurationPlatforms) = preSolution
		Debug|Any CPU = Debug|Any CPU
		Release|Any CPU = Release|Any CPU
	EndGlobalSection
	GlobalSection(ProjectConfigurationPlatforms) = postSolution
		{167CBD66-8BBF-4818-BBB8-5834D12E3F23}.Debug|Any CPU.ActiveCfg = Debug|Any CPU
		{167CBD66-8BBF-4818-BBB8-5834D12E3F23}.Debug|Any CPU.Build.0 = Debug|Any CPU
		{167CBD66-8BBF-4818-BBB8-5834D12E3F23}.Release|Any CPU.ActiveCfg = Release|Any CPU
		{167CBD66-8BBF-4818-BBB8-5834D12E3F23}.Release|Any CPU.Build.0 = Release|Any CPU
		{C0F0BC6F-52EA-444F-BCE9-90ED1EF3CD0C}.Debug|Any CPU.ActiveCfg = Debug|Any CPU
		{C0F0BC6F-52EA-444F-BCE9-90ED1EF3CD0C}.Debug|Any CPU.Build.0 = Debug|Any CPU
		{C0F0BC6F-52EA-444F-BCE9-90ED1EF3CD0C}.Release|Any CPU.ActiveCfg = Release|Any CPU
		{C0F0BC6F-52EA-444F-BCE9-90ED1EF3CD0C}.Release|Any CPU.Build.0 = Release|Any CPU
		{ECB0ACCD-8565-4369-B391-36651589BCCF}.Debug|Any CPU.ActiveCfg = Debug|Any CPU
		{ECB0ACCD-8565-4369-B391-36651589BCCF}.Debug|Any CPU.Build.0 = Debug|Any CPU
		{ECB0ACCD-8565-4369-B391-36651589BCCF}.Release|Any CPU.ActiveCfg = Release|Any CPU
		{ECB0ACCD-8565-4369-B391-36651589BCCF}.Release|Any CPU.Build.0 = Release|Any CPU
		{E3C54A94-C21B-4C8D-8401-C3D486D4C832}.Debug|Any CPU.ActiveCfg = Debug|Any CPU
		{E3C54A94-C21B-4C8D-8401-C3D486D4C832}.Debug|Any CPU.Build.0 = Debug|Any CPU
		{E3C54A94-C21B-4C8D-8401-C3D486D4C832}.Release|Any CPU.ActiveCfg = Release|Any CPU
		{E3C54A94-C21B-4C8D-8401-C3D486D4C832}.Release|Any CPU.Build.0 = Release|Any CPU
	EndGlobalSection
	GlobalSection(SolutionProperties) = preSolution
		HideSolutionNode = FALSE
	EndGlobalSection
	GlobalSection(ExtensibilityGlobals) = postSolution
		SolutionGuid = {B280E526-12B6-45EC-AAA6-AD8C1351312A}
	EndGlobalSection
EndGlobal
